
Microsoft Visual Studio Solution File, Format Version 12.00
# Visual Studio Version 17
VisualStudioVersion = 17.2.32616.157
MinimumVisualStudioVersion = 10.0.40219.1
Project("{FAE04EC0-301F-11D3-BF4B-00C04F79EFBC}") = "Assignment 7", "Assignment 7\Assignment 7.csproj", "{2D1E5454-1E34-477F-BB9C-D5A52CF07745}"
EndProject
Global
	GlobalSection(SolutionConfigurationPlatforms) = preSolution
		Debug|Any CPU = Debug|Any CPU
		Release|Any CPU = Release|Any CPU
	EndGlobalSection
	GlobalSection(ProjectConfigurationPlatforms) = postSolution
		{2D1E5454-1E34-477F-BB9C-D5A52CF07745}.Debug|Any CPU.ActiveCfg = Debug|Any CPU
		{2D1E5454-1E34-477F-BB9C-D5A52CF07745}.Debug|Any CPU.Build.0 = Debug|Any CPU
		{2D1E5454-1E34-477F-BB9C-D5A52CF07745}.Release|Any CPU.ActiveCfg = Release|Any CPU
		{2D1E5454-1E34-477F-BB9C-D5A52CF07745}.Release|Any CPU.Build.0 = Release|Any CPU
	EndGlobalSection
	GlobalSection(SolutionProperties) = preSolution
		HideSolutionNode = FALSE
	EndGlobalSection
	GlobalSection(ExtensibilityGlobals) = postSolution
		SolutionGuid = {0D9D5193-0D95-42E1-B4AD-887B97A56DB8}
	EndGlobalSection
EndGlobal
